
Microsoft Visual Studio Solution File, Format Version 12.00
# Visual Studio Version 17
VisualStudioVersion = 17.14.37314.3 d17.14
MinimumVisualStudioVersion = 10.0.40219.1
Project("{FAE04EC0-301F-11D3-BF4B-00C04F79EFBC}") = "DirectorComercialIA", "DirectorComercialIA.csproj", "{666DC8A4-21AB-5285-6A74-9A19F3607F2C}"
EndProject
Global
	GlobalSection(SolutionConfigurationPlatforms) = preSolution
		Debug|Any CPU = Debug|Any CPU
		Release|Any CPU = Release|Any CPU
	EndGlobalSection
	GlobalSection(ProjectConfigurationPlatforms) = postSolution
		{666DC8A4-21AB-5285-6A74-9A19F3607F2C}.Debug|Any CPU.ActiveCfg = Debug|Any CPU
		{666DC8A4-21AB-5285-6A74-9A19F3607F2C}.Debug|Any CPU.Build.0 = Debug|Any CPU
		{666DC8A4-21AB-5285-6A74-9A19F3607F2C}.Release|Any CPU.ActiveCfg = Release|Any CPU
		{666DC8A4-21AB-5285-6A74-9A19F3607F2C}.Release|Any CPU.Build.0 = Release|Any CPU
	EndGlobalSection
	GlobalSection(SolutionProperties) = preSolution
		HideSolutionNode = FALSE
	EndGlobalSection
	GlobalSection(ExtensibilityGlobals) = postSolution
		SolutionGuid = {AA3CB28B-55EE-4A94-B0F0-EAC41FF757B6}
	EndGlobalSection
EndGlobal
